{
  "name": "convict",
  "version": "3.0.0",
  "dependencies": {
    "depd": {
      "version": "1.1.0",
      "from": "depd@1.1.0",
      "resolved": "https://registry.npmjs.org/depd/-/depd-1.1.0.tgz"
    },
    "json5": {
      "version": "0.5.1",
      "from": "json5@0.5.1",
      "resolved": "https://registry.npmjs.org/json5/-/json5-0.5.1.tgz"
    },
    "lodash.clonedeep": {
      "version": "4.5.0",
      "from": "lodash.clonedeep@4.5.0",
      "resolved": "https://registry.npmjs.org/lodash.clonedeep/-/lodash.clonedeep-4.5.0.tgz"
    },
    "minimist": {
      "version": "1.2.0",
      "from": "minimist@1.2.0",
      "resolved": "https://registry.npmjs.org/minimist/-/minimist-1.2.0.tgz"
    },
    "moment": {
      "version": "2.17.1",
      "from": "moment@2.17.1",
      "resolved": "https://registry.npmjs.org/moment/-/moment-2.17.1.tgz"
    },
    "validator": {
      "version": "7.0.0",
      "from": "validator@7.0.0",
      "resolved": "https://registry.npmjs.org/validator/-/validator-7.0.0.tgz"
    },
    "varify": {
      "version": "0.2.0",
      "from": "varify@0.2.0",
      "resolved": "https://registry.npmjs.org/varify/-/varify-0.2.0.tgz",
      "dependencies": {
        "redeyed": {
          "version": "1.0.1",
          "from": "redeyed@>=1.0.1 <1.1.0",
          "resolved": "https://registry.npmjs.org/redeyed/-/redeyed-1.0.1.tgz",
          "dependencies": {
            "esprima": {
              "version": "3.0.0",
              "from": "esprima@>=3.0.0 <3.1.0",
              "resolved": "https://registry.npmjs.org/esprima/-/esprima-3.0.0.tgz"
            }
          }
        },
        "through": {
          "version": "2.3.8",
          "from": "through@>=2.3.4 <2.4.0",
          "resolved": "https://registry.npmjs.org/through/-/through-2.3.8.tgz"
        }
      }
    }
  }
}
