{
  "name": "convict",
  "version": "1.4.0",
  "dependencies": {
    "depd": {
      "version": "1.1.0",
      "from": "depd@1.1.0",
      "resolved": "https://registry.npmjs.org/depd/-/depd-1.1.0.tgz"
    },
    "json5": {
      "version": "0.5.0",
      "from": "json5@0.5.0",
      "resolved": "https://registry.npmjs.org/json5/-/json5-0.5.0.tgz"
    },
    "minimist": {
      "version": "1.2.0",
      "from": "minimist@1.2.0",
      "resolved": "https://registry.npmjs.org/minimist/-/minimist-1.2.0.tgz"
    },
    "moment": {
      "version": "2.12.0",
      "from": "moment@2.12.0",
      "resolved": "https://registry.npmjs.org/moment/-/moment-2.12.0.tgz"
    },
    "validator": {
      "version": "4.6.1",
      "from": "validator@4.6.1",
      "resolved": "https://registry.npmjs.org/validator/-/validator-4.6.1.tgz"
    },
    "varify": {
      "version": "0.1.1",
      "from": "varify@0.1.1",
      "resolved": "https://registry.npmjs.org/varify/-/varify-0.1.1.tgz",
      "dependencies": {
        "through": {
          "version": "2.3.8",
          "from": "through@>=2.3.4 <2.4.0",
          "resolved": "https://registry.npmjs.org/through/-/through-2.3.8.tgz"
        },
        "redeyed": {
          "version": "0.4.4",
          "from": "redeyed@>=0.4.2 <0.5.0",
          "resolved": "https://registry.npmjs.org/redeyed/-/redeyed-0.4.4.tgz",
          "dependencies": {
            "esprima": {
              "version": "1.0.4",
              "from": "esprima@>=1.0.4 <1.1.0",
              "resolved": "https://registry.npmjs.org/esprima/-/esprima-1.0.4.tgz"
            }
          }
        }
      }
    }
  }
}
